
Microsoft Visual Studio Solution File, Format Version 11.00
# Visual Studio 2010
Project("{8BC9CEB8-8B4A-11D0-8D11-00A0C91BC942}") = "GameBanMayBay", "GameBanMayBay\GameBanMayBay.vcxproj", "{673774F2-B1A4-4249-9752-87F4E47A6B29}"
EndProject
Global
	GlobalSection(SolutionConfigurationPlatforms) = preSolution
		Debug|Win32 = Debug|Win32
		Release|Win32 = Release|Win32
	EndGlobalSection
	GlobalSection(ProjectConfigurationPlatforms) = postSolution
		{673774F2-B1A4-4249-9752-87F4E47A6B29}.Debug|Win32.ActiveCfg = Debug|Win32
		{673774F2-B1A4-4249-9752-87F4E47A6B29}.Debug|Win32.Build.0 = Debug|Win32
		{673774F2-B1A4-4249-9752-87F4E47A6B29}.Release|Win32.ActiveCfg = Release|Win32
		{673774F2-B1A4-4249-9752-87F4E47A6B29}.Release|Win32.Build.0 = Release|Win32
	EndGlobalSection
	GlobalSection(SolutionProperties) = preSolution
		HideSolutionNode = FALSE
	EndGlobalSection
EndGlobal
